{
  "version": 4,
  "terraform_version": "1.8.2",
  "serial": 1,
  "lineage": "fa9c4967-b34b-afc4-7936-9056d1422df0",
  "outputs": {},
  "resources": [
    {
      "mode": "managed",
      "type": "local_file",
      "name": "foo",
      "provider": "provider[\"registry.terraform.io/hashicorp/local\"]",
      "instances": [
        {
          "schema_version": 0,
          "attributes": {
            "content": "print(\"Hello World\")",
            "content_base64": null,
            "content_base64sha256": "7tmXmHm+TRjBYobZQ5ovx9h0S7iH14vSmH5/ut64Slc=",
            "content_base64sha512": "vKn89SyXlzN75rkldB2bqUray0U74GFfome5YHiDOgiBaIxh9uVcyvwdDzAQdCcm/NtZ4vTNFu2kOoh7YEq9Aw==",
            "content_md5": "6944d69371eb4825789665ba0aea2c04",
            "content_sha1": "46d8ed3ed2c7aa87b69ae6c65ed715cf0e960dc4",
            "content_sha256": "eed9979879be4d18c16286d9439a2fc7d8744bb887d78bd2987e7fbadeb84a57",
            "content_sha512": "bca9fcf52c9797337be6b925741d9ba94adacb453be0615fa267b96078833a0881688c61f6e55ccafc1d0f3010742726fcdb59e2f4cd16eda43a887b604abd03",
            "directory_permission": "0777",
            "file_permission": "0777",
            "filename": "HelloWorld.py",
            "id": "46d8ed3ed2c7aa87b69ae6c65ed715cf0e960dc4",
            "sensitive_content": null,
            "source": null
          },
          "sensitive_attributes": [
            [
              {
                "type": "get_attr",
                "value": "sensitive_content"
              }
            ]
          ]
        }
      ]
    }
  ],
  "check_results": null
}
